
Microsoft Visual Studio Solution File, Format Version 12.00
# Visual Studio Version 17
VisualStudioVersion = 17.7.34024.191
MinimumVisualStudioVersion = 10.0.40219.1
Project("{FAE04EC0-301F-11D3-BF4B-00C04F79EFBC}") = "PrimerParcialEspejo", "PrimerParcialEspejo.csproj", "{CEA67B7E-7877-4AA7-92F6-C11290F1D573}"
EndProject
Global
	GlobalSection(SolutionConfigurationPlatforms) = preSolution
		Debug|Any CPU = Debug|Any CPU
		Release|Any CPU = Release|Any CPU
	EndGlobalSection
	GlobalSection(ProjectConfigurationPlatforms) = postSolution
		{CEA67B7E-7877-4AA7-92F6-C11290F1D573}.Debug|Any CPU.ActiveCfg = Debug|Any CPU
		{CEA67B7E-7877-4AA7-92F6-C11290F1D573}.Debug|Any CPU.Build.0 = Debug|Any CPU
		{CEA67B7E-7877-4AA7-92F6-C11290F1D573}.Release|Any CPU.ActiveCfg = Release|Any CPU
		{CEA67B7E-7877-4AA7-92F6-C11290F1D573}.Release|Any CPU.Build.0 = Release|Any CPU
	EndGlobalSection
	GlobalSection(SolutionProperties) = preSolution
		HideSolutionNode = FALSE
	EndGlobalSection
	GlobalSection(ExtensibilityGlobals) = postSolution
		SolutionGuid = {05C4B1BD-9C5C-4201-94BD-E5939E78C90F}
	EndGlobalSection
EndGlobal
